
Microsoft Visual Studio Solution File, Format Version 12.00
# Visual Studio 15
VisualStudioVersion = 15.0.26730.16
MinimumVisualStudioVersion = 10.0.40219.1
Project("{FAE04EC0-301F-11D3-BF4B-00C04F79EFBC}") = "PwdManager.DAO", "PwdManager.DAO\PwdManager.DAO.csproj", "{599523BD-131E-43A7-9079-29B43C959D30}"
EndProject
Project("{FAE04EC0-301F-11D3-BF4B-00C04F79EFBC}") = "WebSite", "WebSite\WebSite.csproj", "{B3EF517C-B389-4B3B-B55A-1080782180A4}"
EndProject
Global
	GlobalSection(SolutionConfigurationPlatforms) = preSolution
		Debug|Any CPU = Debug|Any CPU
		Release|Any CPU = Release|Any CPU
	EndGlobalSection
	GlobalSection(ProjectConfigurationPlatforms) = postSolution
		{599523BD-131E-43A7-9079-29B43C959D30}.Debug|Any CPU.ActiveCfg = Debug|Any CPU
		{599523BD-131E-43A7-9079-29B43C959D30}.Debug|Any CPU.Build.0 = Debug|Any CPU
		{599523BD-131E-43A7-9079-29B43C959D30}.Release|Any CPU.ActiveCfg = Release|Any CPU
		{599523BD-131E-43A7-9079-29B43C959D30}.Release|Any CPU.Build.0 = Release|Any CPU
		{B3EF517C-B389-4B3B-B55A-1080782180A4}.Debug|Any CPU.ActiveCfg = Debug|Any CPU
		{B3EF517C-B389-4B3B-B55A-1080782180A4}.Debug|Any CPU.Build.0 = Debug|Any CPU
		{B3EF517C-B389-4B3B-B55A-1080782180A4}.Release|Any CPU.ActiveCfg = Release|Any CPU
		{B3EF517C-B389-4B3B-B55A-1080782180A4}.Release|Any CPU.Build.0 = Release|Any CPU
	EndGlobalSection
	GlobalSection(SolutionProperties) = preSolution
		HideSolutionNode = FALSE
	EndGlobalSection
	GlobalSection(ExtensibilityGlobals) = postSolution
		SolutionGuid = {7627AF16-77C0-4A47-95DE-B77601A4B525}
	EndGlobalSection
EndGlobal
